
Microsoft Visual Studio Solution File, Format Version 12.00
# Visual Studio 15
Project("{FAE04EC0-301F-11D3-BF4B-00C04F79EFBC}") = "brackeyCsharp1", "brackeyCsharp1\brackeyCsharp1.csproj", "{AAE120D0-7B64-4D54-A82C-E8A8F76B63E3}"
EndProject
Global
	GlobalSection(SolutionConfigurationPlatforms) = preSolution
		Debug|anycpu = Debug|anycpu
		Release|anycpu = Release|anycpu
	EndGlobalSection
	GlobalSection(ProjectConfigurationPlatforms) = postSolution
		{AAE120D0-7B64-4D54-A82C-E8A8F76B63E3}.Debug|anycpu.ActiveCfg = Debug|anycpu
		{AAE120D0-7B64-4D54-A82C-E8A8F76B63E3}.Debug|anycpu.Build.0 = Debug|anycpu
		{AAE120D0-7B64-4D54-A82C-E8A8F76B63E3}.Release|anycpu.ActiveCfg = Release|anycpu
		{AAE120D0-7B64-4D54-A82C-E8A8F76B63E3}.Release|anycpu.Build.0 = Release|anycpu
	EndGlobalSection
EndGlobal
